
Microsoft Visual Studio Solution File, Format Version 12.00
# Visual Studio Version 17
VisualStudioVersion = 17.1.32210.238
MinimumVisualStudioVersion = 10.0.40219.1
Project("{FAE04EC0-301F-11D3-BF4B-00C04F79EFBC}") = "SuperHero", "SuperHero\SuperHero.csproj", "{1ECD02A9-CA38-4676-9FBD-1B17E923FB4B}"
EndProject
Global
	GlobalSection(SolutionConfigurationPlatforms) = preSolution
		Debug|Any CPU = Debug|Any CPU
		Release|Any CPU = Release|Any CPU
	EndGlobalSection
	GlobalSection(ProjectConfigurationPlatforms) = postSolution
		{1ECD02A9-CA38-4676-9FBD-1B17E923FB4B}.Debug|Any CPU.ActiveCfg = Debug|Any CPU
		{1ECD02A9-CA38-4676-9FBD-1B17E923FB4B}.Debug|Any CPU.Build.0 = Debug|Any CPU
		{1ECD02A9-CA38-4676-9FBD-1B17E923FB4B}.Release|Any CPU.ActiveCfg = Release|Any CPU
		{1ECD02A9-CA38-4676-9FBD-1B17E923FB4B}.Release|Any CPU.Build.0 = Release|Any CPU
	EndGlobalSection
	GlobalSection(SolutionProperties) = preSolution
		HideSolutionNode = FALSE
	EndGlobalSection
	GlobalSection(ExtensibilityGlobals) = postSolution
		SolutionGuid = {6861ABC2-F747-44E7-ADEA-10C58D68325F}
	EndGlobalSection
EndGlobal
